
Microsoft Visual Studio Solution File, Format Version 12.00
# Visual Studio Version 16
VisualStudioVersion = 16.0.29326.143
MinimumVisualStudioVersion = 15.0.26124.0
Project("{9A19103F-16F7-4668-BE54-9A1E7A4F7556}") = "Snitch", "Snitch\Snitch.csproj", "{945553B5-F075-4455-88CF-D59A5F7F1A81}"
EndProject
Global
	GlobalSection(SolutionConfigurationPlatforms) = preSolution
		Debug|Any CPU = Debug|Any CPU
		Debug|x64 = Debug|x64
		Debug|x86 = Debug|x86
		Release|Any CPU = Release|Any CPU
		Release|x64 = Release|x64
		Release|x86 = Release|x86
	EndGlobalSection
	GlobalSection(ProjectConfigurationPlatforms) = postSolution
		{945553B5-F075-4455-88CF-D59A5F7F1A81}.Debug|Any CPU.ActiveCfg = Debug|Any CPU
		{945553B5-F075-4455-88CF-D59A5F7F1A81}.Debug|Any CPU.Build.0 = Debug|Any CPU
		{945553B5-F075-4455-88CF-D59A5F7F1A81}.Debug|x64.ActiveCfg = Debug|Any CPU
		{945553B5-F075-4455-88CF-D59A5F7F1A81}.Debug|x64.Build.0 = Debug|Any CPU
		{945553B5-F075-4455-88CF-D59A5F7F1A81}.Debug|x86.ActiveCfg = Debug|Any CPU
		{945553B5-F075-4455-88CF-D59A5F7F1A81}.Debug|x86.Build.0 = Debug|Any CPU
		{945553B5-F075-4455-88CF-D59A5F7F1A81}.Release|Any CPU.ActiveCfg = Release|Any CPU
		{945553B5-F075-4455-88CF-D59A5F7F1A81}.Release|Any CPU.Build.0 = Release|Any CPU
		{945553B5-F075-4455-88CF-D59A5F7F1A81}.Release|x64.ActiveCfg = Release|Any CPU
		{945553B5-F075-4455-88CF-D59A5F7F1A81}.Release|x64.Build.0 = Release|Any CPU
		{945553B5-F075-4455-88CF-D59A5F7F1A81}.Release|x86.ActiveCfg = Release|Any CPU
		{945553B5-F075-4455-88CF-D59A5F7F1A81}.Release|x86.Build.0 = Release|Any CPU
	EndGlobalSection
	GlobalSection(SolutionProperties) = preSolution
		HideSolutionNode = FALSE
	EndGlobalSection
	GlobalSection(ExtensibilityGlobals) = postSolution
		SolutionGuid = {5E0111D1-B2FC-466A-8D05-FB081DC1EEDB}
	EndGlobalSection
EndGlobal
