
Microsoft Visual Studio Solution File, Format Version 12.00
# Visual Studio Version 17
VisualStudioVersion = 17.3.32825.248
MinimumVisualStudioVersion = 15.0.26124.0
Project("{9A19103F-16F7-4668-BE54-9A1E7A4F7556}") = "Snitch", "Snitch\Snitch.csproj", "{945553B5-F075-4455-88CF-D59A5F7F1A81}"
EndProject
Project("{9A19103F-16F7-4668-BE54-9A1E7A4F7556}") = "Snitch.Tests", "Snitch.Tests\Snitch.Tests.csproj", "{07CAD001-A0AE-45EF-9069-A14AEE6F99AF}"
EndProject
Project("{2150E333-8FDC-42A3-9474-1A3956D46DE8}") = "Meta", "Meta", "{1C23F0D8-97AE-4B2C-8DCF-71B70AE488DF}"
	ProjectSection(SolutionItems) = preProject
		..\build.cake = ..\build.cake
		Directory.Build.props = Directory.Build.props
		Directory.Build.targets = Directory.Build.targets
		..\global.json = ..\global.json
	EndProjectSection
EndProject
Global
	GlobalSection(SolutionConfigurationPlatforms) = preSolution
		Debug|Any CPU = Debug|Any CPU
		Debug|x64 = Debug|x64
		Debug|x86 = Debug|x86
		Release|Any CPU = Release|Any CPU
		Release|x64 = Release|x64
		Release|x86 = Release|x86
	EndGlobalSection
	GlobalSection(ProjectConfigurationPlatforms) = postSolution
		{945553B5-F075-4455-88CF-D59A5F7F1A81}.Debug|Any CPU.ActiveCfg = Debug|Any CPU
		{945553B5-F075-4455-88CF-D59A5F7F1A81}.Debug|Any CPU.Build.0 = Debug|Any CPU
		{945553B5-F075-4455-88CF-D59A5F7F1A81}.Debug|x64.ActiveCfg = Debug|Any CPU
		{945553B5-F075-4455-88CF-D59A5F7F1A81}.Debug|x64.Build.0 = Debug|Any CPU
		{945553B5-F075-4455-88CF-D59A5F7F1A81}.Debug|x86.ActiveCfg = Debug|Any CPU
		{945553B5-F075-4455-88CF-D59A5F7F1A81}.Debug|x86.Build.0 = Debug|Any CPU
		{945553B5-F075-4455-88CF-D59A5F7F1A81}.Release|Any CPU.ActiveCfg = Release|Any CPU
		{945553B5-F075-4455-88CF-D59A5F7F1A81}.Release|Any CPU.Build.0 = Release|Any CPU
		{945553B5-F075-4455-88CF-D59A5F7F1A81}.Release|x64.ActiveCfg = Release|Any CPU
		{945553B5-F075-4455-88CF-D59A5F7F1A81}.Release|x64.Build.0 = Release|Any CPU
		{945553B5-F075-4455-88CF-D59A5F7F1A81}.Release|x86.ActiveCfg = Release|Any CPU
		{945553B5-F075-4455-88CF-D59A5F7F1A81}.Release|x86.Build.0 = Release|Any CPU
		{07CAD001-A0AE-45EF-9069-A14AEE6F99AF}.Debug|Any CPU.ActiveCfg = Debug|Any CPU
		{07CAD001-A0AE-45EF-9069-A14AEE6F99AF}.Debug|Any CPU.Build.0 = Debug|Any CPU
		{07CAD001-A0AE-45EF-9069-A14AEE6F99AF}.Debug|x64.ActiveCfg = Debug|Any CPU
		{07CAD001-A0AE-45EF-9069-A14AEE6F99AF}.Debug|x64.Build.0 = Debug|Any CPU
		{07CAD001-A0AE-45EF-9069-A14AEE6F99AF}.Debug|x86.ActiveCfg = Debug|Any CPU
		{07CAD001-A0AE-45EF-9069-A14AEE6F99AF}.Debug|x86.Build.0 = Debug|Any CPU
		{07CAD001-A0AE-45EF-9069-A14AEE6F99AF}.Release|Any CPU.ActiveCfg = Release|Any CPU
		{07CAD001-A0AE-45EF-9069-A14AEE6F99AF}.Release|Any CPU.Build.0 = Release|Any CPU
		{07CAD001-A0AE-45EF-9069-A14AEE6F99AF}.Release|x64.ActiveCfg = Release|Any CPU
		{07CAD001-A0AE-45EF-9069-A14AEE6F99AF}.Release|x64.Build.0 = Release|Any CPU
		{07CAD001-A0AE-45EF-9069-A14AEE6F99AF}.Release|x86.ActiveCfg = Release|Any CPU
		{07CAD001-A0AE-45EF-9069-A14AEE6F99AF}.Release|x86.Build.0 = Release|Any CPU
	EndGlobalSection
	GlobalSection(SolutionProperties) = preSolution
		HideSolutionNode = FALSE
	EndGlobalSection
	GlobalSection(ExtensibilityGlobals) = postSolution
		SolutionGuid = {8BEC268B-CF39-4103-B514-DC9897D72C14}
	EndGlobalSection
EndGlobal
